{
  "name": "node_stu",
  "version": "1.0.0",
  "lockfileVersion": 1,
  "requires": true,
  "dependencies": {
    "@types/node": {
      "version": "14.14.44",
      "resolved": "https://npmjs.dykt123.com/@types%2fnode/-/node-14.14.44.tgz",
      "integrity": "sha1-33UD5gAoR7g0NxwASzclKfP4UhU=",
      "dev": true
    }
  }
}
